// !$*UTF8*$!
{
	archiveVersion = 1;
	classes = {
	};
	objectVersion = 48;
	objects = {

/* Begin PBXBuildFile section */
		11FBA61EEC74C05CA91BB2F1 /* Pods_FintechPlatform.framework in Frameworks */ = {isa = PBXBuildFile; fileRef = 0A37622AEB1A9D3A0BE76E50 /* Pods_FintechPlatform.framework */; };
		8E4CA2E0CABAF86484CF727E /* Pods_FintechPlatformTests.framework in Frameworks */ = {isa = PBXBuildFile; fileRef = 77388DF9753FA968BFEEEB11 /* Pods_FintechPlatformTests.framework */; };
		B4316CB5209AFB29007B2E7E /* PaymentCardApiIntegrationTest.swift in Sources */ = {isa = PBXBuildFile; fileRef = B4316CB4209AFB29007B2E7E /* PaymentCardApiIntegrationTest.swift */; };
		BF02D47C209C6B1500F213BF /* CashInApiTest.swift in Sources */ = {isa = PBXBuildFile; fileRef = BF02D47B209C6B1500F213BF /* CashInApiTest.swift */; };
		BF434359207CEF0800C9C041 /* FintechPlatform.framework in Frameworks */ = {isa = PBXBuildFile; fileRef = BF43434F207CEF0800C9C041 /* FintechPlatform.framework */; };
		BF43435E207CEF0800C9C041 /* FintechPlatformTests.swift in Sources */ = {isa = PBXBuildFile; fileRef = BF43435D207CEF0800C9C041 /* FintechPlatformTests.swift */; };
		BF434360207CEF0800C9C041 /* FintechPlatform.h in Headers */ = {isa = PBXBuildFile; fileRef = BF434352207CEF0800C9C041 /* FintechPlatform.h */; settings = {ATTRIBUTES = (Public, ); }; };
		BF43436B207CF1F100C9C041 /* CashInAPI.swift in Sources */ = {isa = PBXBuildFile; fileRef = BF43436A207CF1F100C9C041 /* CashInAPI.swift */; };
		BF43436D207CF27500C9C041 /* FintechPlatformAPI.swift in Sources */ = {isa = PBXBuildFile; fileRef = BF43436C207CF27500C9C041 /* FintechPlatformAPI.swift */; };
		BF434370207CF6D800C9C041 /* Money.swift in Sources */ = {isa = PBXBuildFile; fileRef = BF43436F207CF6D800C9C041 /* Money.swift */; };
		BF434372207CF8BE00C9C041 /* CashInResponse.swift in Sources */ = {isa = PBXBuildFile; fileRef = BF434371207CF8BE00C9C041 /* CashInResponse.swift */; };
		BF434375207CF93C00C9C041 /* NetHelper.swift in Sources */ = {isa = PBXBuildFile; fileRef = BF434374207CF93C00C9C041 /* NetHelper.swift */; };
		BF434377207D223900C9C041 /* CashOutAPI.swift in Sources */ = {isa = PBXBuildFile; fileRef = BF434376207D223900C9C041 /* CashOutAPI.swift */; };
		BF434379207D2E8400C9C041 /* BalanceAPI.swift in Sources */ = {isa = PBXBuildFile; fileRef = BF434378207D2E8400C9C041 /* BalanceAPI.swift */; };
		BF43437B207D318800C9C041 /* TransactionsAPI.swift in Sources */ = {isa = PBXBuildFile; fileRef = BF43437A207D318800C9C041 /* TransactionsAPI.swift */; };
		BF43437D207D322900C9C041 /* TransactionsResponse.swift in Sources */ = {isa = PBXBuildFile; fileRef = BF43437C207D322900C9C041 /* TransactionsResponse.swift */; };
		BF43437F207D37F900C9C041 /* BankAccountAPI.swift in Sources */ = {isa = PBXBuildFile; fileRef = BF43437E207D37F900C9C041 /* BankAccountAPI.swift */; };
		BF434381207D38FE00C9C041 /* BankAccount.swift in Sources */ = {isa = PBXBuildFile; fileRef = BF434380207D38FE00C9C041 /* BankAccount.swift */; };
		BF434383207D394200C9C041 /* PaymentCardAPI.swift in Sources */ = {isa = PBXBuildFile; fileRef = BF434382207D394200C9C041 /* PaymentCardAPI.swift */; };
		BF434385207D39A200C9C041 /* PaymentCardItem.swift in Sources */ = {isa = PBXBuildFile; fileRef = BF434384207D39A200C9C041 /* PaymentCardItem.swift */; };
		BF434387207D3A6200C9C041 /* CardHelper.swift in Sources */ = {isa = PBXBuildFile; fileRef = BF434386207D3A6200C9C041 /* CardHelper.swift */; };
		BF434389207DF2FC00C9C041 /* ProfileAPI.swift in Sources */ = {isa = PBXBuildFile; fileRef = BF434388207DF2FC00C9C041 /* ProfileAPI.swift */; };
		BF43438B207DF33F00C9C041 /* UserProfileResponse.swift in Sources */ = {isa = PBXBuildFile; fileRef = BF43438A207DF33F00C9C041 /* UserProfileResponse.swift */; };
		BF43438D207DF58900C9C041 /* UserProfile.swift in Sources */ = {isa = PBXBuildFile; fileRef = BF43438C207DF58900C9C041 /* UserProfile.swift */; };
		BF43438F207DF64500C9C041 /* CardSanityCheck.swift in Sources */ = {isa = PBXBuildFile; fileRef = BF43438E207DF64500C9C041 /* CardSanityCheck.swift */; };
		BF434391207E009500C9C041 /* UserDocuments.swift in Sources */ = {isa = PBXBuildFile; fileRef = BF434390207E009500C9C041 /* UserDocuments.swift */; };
		BF434393207E073800C9C041 /* TransferAPI.swift in Sources */ = {isa = PBXBuildFile; fileRef = BF434392207E073800C9C041 /* TransferAPI.swift */; };
		BF8CC7F120851D1400229741 /* BalanceItem.swift in Sources */ = {isa = PBXBuildFile; fileRef = BF8CC7F020851D1400229741 /* BalanceItem.swift */; };
/* End PBXBuildFile section */

/* Begin PBXContainerItemProxy section */
		BF43435A207CEF0800C9C041 /* PBXContainerItemProxy */ = {
			isa = PBXContainerItemProxy;
			containerPortal = BF434346207CEF0800C9C041 /* Project object */;
			proxyType = 1;
			remoteGlobalIDString = BF43434E207CEF0800C9C041;
			remoteInfo = FintechPlatform;
		};
/* End PBXContainerItemProxy section */

/* Begin PBXFileReference section */
		0A37622AEB1A9D3A0BE76E50 /* Pods_FintechPlatform.framework */ = {isa = PBXFileReference; explicitFileType = wrapper.framework; includeInIndex = 0; path = Pods_FintechPlatform.framework; sourceTree = BUILT_PRODUCTS_DIR; };
		3657704FD0D71F9E37A3860C /* Pods-FintechPlatformTests.debug.xcconfig */ = {isa = PBXFileReference; includeInIndex = 1; lastKnownFileType = text.xcconfig; name = "Pods-FintechPlatformTests.debug.xcconfig"; path = "Pods/Target Support Files/Pods-FintechPlatformTests/Pods-FintechPlatformTests.debug.xcconfig"; sourceTree = "<group>"; };
		6150075E10E0BE9EE629057B /* Pods-FintechPlatform.debug.xcconfig */ = {isa = PBXFileReference; includeInIndex = 1; lastKnownFileType = text.xcconfig; name = "Pods-FintechPlatform.debug.xcconfig"; path = "Pods/Target Support Files/Pods-FintechPlatform/Pods-FintechPlatform.debug.xcconfig"; sourceTree = "<group>"; };
		649A90C58F2405681930A430 /* Pods-FintechPlatformTests.release.xcconfig */ = {isa = PBXFileReference; includeInIndex = 1; lastKnownFileType = text.xcconfig; name = "Pods-FintechPlatformTests.release.xcconfig"; path = "Pods/Target Support Files/Pods-FintechPlatformTests/Pods-FintechPlatformTests.release.xcconfig"; sourceTree = "<group>"; };
		77388DF9753FA968BFEEEB11 /* Pods_FintechPlatformTests.framework */ = {isa = PBXFileReference; explicitFileType = wrapper.framework; includeInIndex = 0; path = Pods_FintechPlatformTests.framework; sourceTree = BUILT_PRODUCTS_DIR; };
		AD06E15DCA9B3495403B0C50 /* Pods-FintechPlatform.release.xcconfig */ = {isa = PBXFileReference; includeInIndex = 1; lastKnownFileType = text.xcconfig; name = "Pods-FintechPlatform.release.xcconfig"; path = "Pods/Target Support Files/Pods-FintechPlatform/Pods-FintechPlatform.release.xcconfig"; sourceTree = "<group>"; };
		B4316CB4209AFB29007B2E7E /* PaymentCardApiIntegrationTest.swift */ = {isa = PBXFileReference; lastKnownFileType = sourcecode.swift; path = PaymentCardApiIntegrationTest.swift; sourceTree = "<group>"; };
		BF02D47B209C6B1500F213BF /* CashInApiTest.swift */ = {isa = PBXFileReference; lastKnownFileType = sourcecode.swift; path = CashInApiTest.swift; sourceTree = "<group>"; };
		BF43434F207CEF0800C9C041 /* FintechPlatform.framework */ = {isa = PBXFileReference; explicitFileType = wrapper.framework; includeInIndex = 0; path = FintechPlatform.framework; sourceTree = BUILT_PRODUCTS_DIR; };
		BF434352207CEF0800C9C041 /* FintechPlatform.h */ = {isa = PBXFileReference; lastKnownFileType = sourcecode.c.h; path = FintechPlatform.h; sourceTree = "<group>"; };
		BF434353207CEF0800C9C041 /* Info.plist */ = {isa = PBXFileReference; lastKnownFileType = text.plist.xml; path = Info.plist; sourceTree = "<group>"; };
		BF434358207CEF0800C9C041 /* FintechPlatformTests.xctest */ = {isa = PBXFileReference; explicitFileType = wrapper.cfbundle; includeInIndex = 0; path = FintechPlatformTests.xctest; sourceTree = BUILT_PRODUCTS_DIR; };
		BF43435D207CEF0800C9C041 /* FintechPlatformTests.swift */ = {isa = PBXFileReference; lastKnownFileType = sourcecode.swift; path = FintechPlatformTests.swift; sourceTree = "<group>"; };
		BF43435F207CEF0800C9C041 /* Info.plist */ = {isa = PBXFileReference; lastKnownFileType = text.plist.xml; path = Info.plist; sourceTree = "<group>"; };
		BF43436A207CF1F100C9C041 /* CashInAPI.swift */ = {isa = PBXFileReference; lastKnownFileType = sourcecode.swift; path = CashInAPI.swift; sourceTree = "<group>"; };
		BF43436C207CF27500C9C041 /* FintechPlatformAPI.swift */ = {isa = PBXFileReference; lastKnownFileType = sourcecode.swift; path = FintechPlatformAPI.swift; sourceTree = "<group>"; };
		BF43436F207CF6D800C9C041 /* Money.swift */ = {isa = PBXFileReference; lastKnownFileType = sourcecode.swift; path = Money.swift; sourceTree = "<group>"; };
		BF434371207CF8BE00C9C041 /* CashInResponse.swift */ = {isa = PBXFileReference; lastKnownFileType = sourcecode.swift; path = CashInResponse.swift; sourceTree = "<group>"; };
		BF434374207CF93C00C9C041 /* NetHelper.swift */ = {isa = PBXFileReference; lastKnownFileType = sourcecode.swift; path = NetHelper.swift; sourceTree = "<group>"; };
		BF434376207D223900C9C041 /* CashOutAPI.swift */ = {isa = PBXFileReference; lastKnownFileType = sourcecode.swift; path = CashOutAPI.swift; sourceTree = "<group>"; };
		BF434378207D2E8400C9C041 /* BalanceAPI.swift */ = {isa = PBXFileReference; lastKnownFileType = sourcecode.swift; path = BalanceAPI.swift; sourceTree = "<group>"; };
		BF43437A207D318800C9C041 /* TransactionsAPI.swift */ = {isa = PBXFileReference; lastKnownFileType = sourcecode.swift; path = TransactionsAPI.swift; sourceTree = "<group>"; };
		BF43437C207D322900C9C041 /* TransactionsResponse.swift */ = {isa = PBXFileReference; lastKnownFileType = sourcecode.swift; path = TransactionsResponse.swift; sourceTree = "<group>"; };
		BF43437E207D37F900C9C041 /* BankAccountAPI.swift */ = {isa = PBXFileReference; lastKnownFileType = sourcecode.swift; path = BankAccountAPI.swift; sourceTree = "<group>"; };
		BF434380207D38FE00C9C041 /* BankAccount.swift */ = {isa = PBXFileReference; lastKnownFileType = sourcecode.swift; path = BankAccount.swift; sourceTree = "<group>"; };
		BF434382207D394200C9C041 /* PaymentCardAPI.swift */ = {isa = PBXFileReference; lastKnownFileType = sourcecode.swift; path = PaymentCardAPI.swift; sourceTree = "<group>"; };
		BF434384207D39A200C9C041 /* PaymentCardItem.swift */ = {isa = PBXFileReference; lastKnownFileType = sourcecode.swift; path = PaymentCardItem.swift; sourceTree = "<group>"; };
		BF434386207D3A6200C9C041 /* CardHelper.swift */ = {isa = PBXFileReference; lastKnownFileType = sourcecode.swift; path = CardHelper.swift; sourceTree = "<group>"; };
		BF434388207DF2FC00C9C041 /* ProfileAPI.swift */ = {isa = PBXFileReference; lastKnownFileType = sourcecode.swift; path = ProfileAPI.swift; sourceTree = "<group>"; };
		BF43438A207DF33F00C9C041 /* UserProfileResponse.swift */ = {isa = PBXFileReference; lastKnownFileType = sourcecode.swift; path = UserProfileResponse.swift; sourceTree = "<group>"; };
		BF43438C207DF58900C9C041 /* UserProfile.swift */ = {isa = PBXFileReference; lastKnownFileType = sourcecode.swift; path = UserProfile.swift; sourceTree = "<group>"; };
		BF43438E207DF64500C9C041 /* CardSanityCheck.swift */ = {isa = PBXFileReference; lastKnownFileType = sourcecode.swift; path = CardSanityCheck.swift; sourceTree = "<group>"; };
		BF434390207E009500C9C041 /* UserDocuments.swift */ = {isa = PBXFileReference; lastKnownFileType = sourcecode.swift; path = UserDocuments.swift; sourceTree = "<group>"; };
		BF434392207E073800C9C041 /* TransferAPI.swift */ = {isa = PBXFileReference; lastKnownFileType = sourcecode.swift; path = TransferAPI.swift; sourceTree = "<group>"; };
		BF8CC7F020851D1400229741 /* BalanceItem.swift */ = {isa = PBXFileReference; lastKnownFileType = sourcecode.swift; path = BalanceItem.swift; sourceTree = "<group>"; };
/* End PBXFileReference section */

/* Begin PBXFrameworksBuildPhase section */
		BF43434B207CEF0800C9C041 /* Frameworks */ = {
			isa = PBXFrameworksBuildPhase;
			buildActionMask = 2147483647;
			files = (
				11FBA61EEC74C05CA91BB2F1 /* Pods_FintechPlatform.framework in Frameworks */,
			);
			runOnlyForDeploymentPostprocessing = 0;
		};
		BF434355207CEF0800C9C041 /* Frameworks */ = {
			isa = PBXFrameworksBuildPhase;
			buildActionMask = 2147483647;
			files = (
				BF434359207CEF0800C9C041 /* FintechPlatform.framework in Frameworks */,
				8E4CA2E0CABAF86484CF727E /* Pods_FintechPlatformTests.framework in Frameworks */,
			);
			runOnlyForDeploymentPostprocessing = 0;
		};
/* End PBXFrameworksBuildPhase section */

/* Begin PBXGroup section */
		138DC1638F40A4FA9AC7D5E1 /* Frameworks */ = {
			isa = PBXGroup;
			children = (
				0A37622AEB1A9D3A0BE76E50 /* Pods_FintechPlatform.framework */,
				77388DF9753FA968BFEEEB11 /* Pods_FintechPlatformTests.framework */,
			);
			name = Frameworks;
			sourceTree = "<group>";
		};
		BF434345207CEF0800C9C041 = {
			isa = PBXGroup;
			children = (
				BF434351207CEF0800C9C041 /* FintechPlatform */,
				BF43435C207CEF0800C9C041 /* FintechPlatformTests */,
				BF434350207CEF0800C9C041 /* Products */,
				C33854E31A22504E612455E4 /* Pods */,
				138DC1638F40A4FA9AC7D5E1 /* Frameworks */,
			);
			sourceTree = "<group>";
		};
		BF434350207CEF0800C9C041 /* Products */ = {
			isa = PBXGroup;
			children = (
				BF43434F207CEF0800C9C041 /* FintechPlatform.framework */,
				BF434358207CEF0800C9C041 /* FintechPlatformTests.xctest */,
			);
			name = Products;
			sourceTree = "<group>";
		};
		BF434351207CEF0800C9C041 /* FintechPlatform */ = {
			isa = PBXGroup;
			children = (
				BF434373207CF91F00C9C041 /* helpers */,
				BF43436E207CF6CA00C9C041 /* models */,
				BF434369207CF18E00C9C041 /* fintech */,
				BF434352207CEF0800C9C041 /* FintechPlatform.h */,
				BF434353207CEF0800C9C041 /* Info.plist */,
				BF43436C207CF27500C9C041 /* FintechPlatformAPI.swift */,
			);
			path = FintechPlatform;
			sourceTree = "<group>";
		};
		BF43435C207CEF0800C9C041 /* FintechPlatformTests */ = {
			isa = PBXGroup;
			children = (
				BF43435D207CEF0800C9C041 /* FintechPlatformTests.swift */,
				BF43435F207CEF0800C9C041 /* Info.plist */,
				B4316CB4209AFB29007B2E7E /* PaymentCardApiIntegrationTest.swift */,
				BF02D47B209C6B1500F213BF /* CashInApiTest.swift */,
			);
			path = FintechPlatformTests;
			sourceTree = "<group>";
		};
		BF434369207CF18E00C9C041 /* fintech */ = {
			isa = PBXGroup;
			children = (
				BF43436A207CF1F100C9C041 /* CashInAPI.swift */,
				BF434376207D223900C9C041 /* CashOutAPI.swift */,
				BF434378207D2E8400C9C041 /* BalanceAPI.swift */,
				BF43437A207D318800C9C041 /* TransactionsAPI.swift */,
				BF43437E207D37F900C9C041 /* BankAccountAPI.swift */,
				BF434382207D394200C9C041 /* PaymentCardAPI.swift */,
				BF434388207DF2FC00C9C041 /* ProfileAPI.swift */,
				BF434392207E073800C9C041 /* TransferAPI.swift */,
			);
			path = fintech;
			sourceTree = "<group>";
		};
		BF43436E207CF6CA00C9C041 /* models */ = {
			isa = PBXGroup;
			children = (
				BF43436F207CF6D800C9C041 /* Money.swift */,
				BF434371207CF8BE00C9C041 /* CashInResponse.swift */,
				BF43437C207D322900C9C041 /* TransactionsResponse.swift */,
				BF434380207D38FE00C9C041 /* BankAccount.swift */,
				BF434384207D39A200C9C041 /* PaymentCardItem.swift */,
				BF434386207D3A6200C9C041 /* CardHelper.swift */,
				BF43438A207DF33F00C9C041 /* UserProfileResponse.swift */,
				BF43438C207DF58900C9C041 /* UserProfile.swift */,
				BF43438E207DF64500C9C041 /* CardSanityCheck.swift */,
				BF434390207E009500C9C041 /* UserDocuments.swift */,
				BF8CC7F020851D1400229741 /* BalanceItem.swift */,
			);
			path = models;
			sourceTree = "<group>";
		};
		BF434373207CF91F00C9C041 /* helpers */ = {
			isa = PBXGroup;
			children = (
				BF434374207CF93C00C9C041 /* NetHelper.swift */,
			);
			path = helpers;
			sourceTree = "<group>";
		};
		C33854E31A22504E612455E4 /* Pods */ = {
			isa = PBXGroup;
			children = (
				6150075E10E0BE9EE629057B /* Pods-FintechPlatform.debug.xcconfig */,
				AD06E15DCA9B3495403B0C50 /* Pods-FintechPlatform.release.xcconfig */,
				3657704FD0D71F9E37A3860C /* Pods-FintechPlatformTests.debug.xcconfig */,
				649A90C58F2405681930A430 /* Pods-FintechPlatformTests.release.xcconfig */,
			);
			name = Pods;
			sourceTree = "<group>";
		};
/* End PBXGroup section */

/* Begin PBXHeadersBuildPhase section */
		BF43434C207CEF0800C9C041 /* Headers */ = {
			isa = PBXHeadersBuildPhase;
			buildActionMask = 2147483647;
			files = (
				BF434360207CEF0800C9C041 /* FintechPlatform.h in Headers */,
			);
			runOnlyForDeploymentPostprocessing = 0;
		};
/* End PBXHeadersBuildPhase section */

/* Begin PBXNativeTarget section */
		BF43434E207CEF0800C9C041 /* FintechPlatform */ = {
			isa = PBXNativeTarget;
			buildConfigurationList = BF434363207CEF0800C9C041 /* Build configuration list for PBXNativeTarget "FintechPlatform" */;
			buildPhases = (
				FE94346C37A7E17C8F00D34E /* [CP] Check Pods Manifest.lock */,
				BF43434A207CEF0800C9C041 /* Sources */,
				BF43434B207CEF0800C9C041 /* Frameworks */,
				BF43434C207CEF0800C9C041 /* Headers */,
				BF43434D207CEF0800C9C041 /* Resources */,
				5A26F114FD676593EBBA5A3D /* [CP] Copy Pods Resources */,
			);
			buildRules = (
			);
			dependencies = (
			);
			name = FintechPlatform;
			productName = FintechPlatform;
			productReference = BF43434F207CEF0800C9C041 /* FintechPlatform.framework */;
			productType = "com.apple.product-type.framework";
		};
		BF434357207CEF0800C9C041 /* FintechPlatformTests */ = {
			isa = PBXNativeTarget;
			buildConfigurationList = BF434366207CEF0800C9C041 /* Build configuration list for PBXNativeTarget "FintechPlatformTests" */;
			buildPhases = (
				4E3A9D44AB668BDE5F9F767D /* [CP] Check Pods Manifest.lock */,
				BF434354207CEF0800C9C041 /* Sources */,
				BF434355207CEF0800C9C041 /* Frameworks */,
				BF434356207CEF0800C9C041 /* Resources */,
				F14B6C45CF843B673F599809 /* [CP] Embed Pods Frameworks */,
				61E1CE2FEFF48C5BA33C7629 /* [CP] Copy Pods Resources */,
			);
			buildRules = (
			);
			dependencies = (
				BF43435B207CEF0800C9C041 /* PBXTargetDependency */,
			);
			name = FintechPlatformTests;
			productName = FintechPlatformTests;
			productReference = BF434358207CEF0800C9C041 /* FintechPlatformTests.xctest */;
			productType = "com.apple.product-type.bundle.unit-test";
		};
/* End PBXNativeTarget section */

/* Begin PBXProject section */
		BF434346207CEF0800C9C041 /* Project object */ = {
			isa = PBXProject;
			attributes = {
				LastSwiftUpdateCheck = 0930;
				LastUpgradeCheck = 0930;
				ORGANIZATIONNAME = "Fintech Platform";
				TargetAttributes = {
					BF43434E207CEF0800C9C041 = {
						CreatedOnToolsVersion = 9.3;
						LastSwiftMigration = 0930;
						ProvisioningStyle = Automatic;
					};
					BF434357207CEF0800C9C041 = {
						CreatedOnToolsVersion = 9.3;
						ProvisioningStyle = Automatic;
					};
				};
			};
			buildConfigurationList = BF434349207CEF0800C9C041 /* Build configuration list for PBXProject "FintechPlatform" */;
			compatibilityVersion = "Xcode 8.0";
			developmentRegion = en;
			hasScannedForEncodings = 0;
			knownRegions = (
				en,
			);
			mainGroup = BF434345207CEF0800C9C041;
			productRefGroup = BF434350207CEF0800C9C041 /* Products */;
			projectDirPath = "";
			projectRoot = "";
			targets = (
				BF43434E207CEF0800C9C041 /* FintechPlatform */,
				BF434357207CEF0800C9C041 /* FintechPlatformTests */,
			);
		};
/* End PBXProject section */

/* Begin PBXResourcesBuildPhase section */
		BF43434D207CEF0800C9C041 /* Resources */ = {
			isa = PBXResourcesBuildPhase;
			buildActionMask = 2147483647;
			files = (
			);
			runOnlyForDeploymentPostprocessing = 0;
		};
		BF434356207CEF0800C9C041 /* Resources */ = {
			isa = PBXResourcesBuildPhase;
			buildActionMask = 2147483647;
			files = (
			);
			runOnlyForDeploymentPostprocessing = 0;
		};
/* End PBXResourcesBuildPhase section */

/* Begin PBXShellScriptBuildPhase section */
		4E3A9D44AB668BDE5F9F767D /* [CP] Check Pods Manifest.lock */ = {
			isa = PBXShellScriptBuildPhase;
			buildActionMask = 2147483647;
			files = (
			);
			inputPaths = (
				"${PODS_PODFILE_DIR_PATH}/Podfile.lock",
				"${PODS_ROOT}/Manifest.lock",
			);
			name = "[CP] Check Pods Manifest.lock";
			outputPaths = (
				"$(DERIVED_FILE_DIR)/Pods-FintechPlatformTests-checkManifestLockResult.txt",
			);
			runOnlyForDeploymentPostprocessing = 0;
			shellPath = /bin/sh;
			shellScript = "diff \"${PODS_PODFILE_DIR_PATH}/Podfile.lock\" \"${PODS_ROOT}/Manifest.lock\" > /dev/null\nif [ $? != 0 ] ; then\n    # print error to STDERR\n    echo \"error: The sandbox is not in sync with the Podfile.lock. Run 'pod install' or update your CocoaPods installation.\" >&2\n    exit 1\nfi\n";
			showEnvVarsInLog = 0;
		};
		5A26F114FD676593EBBA5A3D /* [CP] Copy Pods Resources */ = {
			isa = PBXShellScriptBuildPhase;
			buildActionMask = 2147483647;
			files = (
			);
			inputPaths = (
			);
			name = "[CP] Copy Pods Resources";
			outputPaths = (
			);
			runOnlyForDeploymentPostprocessing = 0;
			shellPath = /bin/sh;
			shellScript = "\"${SRCROOT}/Pods/Target Support Files/Pods-FintechPlatform/Pods-FintechPlatform-resources.sh\"\n";
			showEnvVarsInLog = 0;
		};
		61E1CE2FEFF48C5BA33C7629 /* [CP] Copy Pods Resources */ = {
			isa = PBXShellScriptBuildPhase;
			buildActionMask = 2147483647;
			files = (
			);
			inputPaths = (
			);
			name = "[CP] Copy Pods Resources";
			outputPaths = (
			);
			runOnlyForDeploymentPostprocessing = 0;
			shellPath = /bin/sh;
			shellScript = "\"${SRCROOT}/Pods/Target Support Files/Pods-FintechPlatformTests/Pods-FintechPlatformTests-resources.sh\"\n";
			showEnvVarsInLog = 0;
		};
		F14B6C45CF843B673F599809 /* [CP] Embed Pods Frameworks */ = {
			isa = PBXShellScriptBuildPhase;
			buildActionMask = 2147483647;
			files = (
			);
			inputPaths = (
			);
			name = "[CP] Embed Pods Frameworks";
			outputPaths = (
			);
			runOnlyForDeploymentPostprocessing = 0;
			shellPath = /bin/sh;
			shellScript = "\"${SRCROOT}/Pods/Target Support Files/Pods-FintechPlatformTests/Pods-FintechPlatformTests-frameworks.sh\"\n";
			showEnvVarsInLog = 0;
		};
		FE94346C37A7E17C8F00D34E /* [CP] Check Pods Manifest.lock */ = {
			isa = PBXShellScriptBuildPhase;
			buildActionMask = 2147483647;
			files = (
			);
			inputPaths = (
				"${PODS_PODFILE_DIR_PATH}/Podfile.lock",
				"${PODS_ROOT}/Manifest.lock",
			);
			name = "[CP] Check Pods Manifest.lock";
			outputPaths = (
				"$(DERIVED_FILE_DIR)/Pods-FintechPlatform-checkManifestLockResult.txt",
			);
			runOnlyForDeploymentPostprocessing = 0;
			shellPath = /bin/sh;
			shellScript = "diff \"${PODS_PODFILE_DIR_PATH}/Podfile.lock\" \"${PODS_ROOT}/Manifest.lock\" > /dev/null\nif [ $? != 0 ] ; then\n    # print error to STDERR\n    echo \"error: The sandbox is not in sync with the Podfile.lock. Run 'pod install' or update your CocoaPods installation.\" >&2\n    exit 1\nfi\n";
			showEnvVarsInLog = 0;
		};
/* End PBXShellScriptBuildPhase section */

/* Begin PBXSourcesBuildPhase section */
		BF43434A207CEF0800C9C041 /* Sources */ = {
			isa = PBXSourcesBuildPhase;
			buildActionMask = 2147483647;
			files = (
				BF43437F207D37F900C9C041 /* BankAccountAPI.swift in Sources */,
				BF8CC7F120851D1400229741 /* BalanceItem.swift in Sources */,
				BF434383207D394200C9C041 /* PaymentCardAPI.swift in Sources */,
				BF434389207DF2FC00C9C041 /* ProfileAPI.swift in Sources */,
				BF43438B207DF33F00C9C041 /* UserProfileResponse.swift in Sources */,
				BF434379207D2E8400C9C041 /* BalanceAPI.swift in Sources */,
				BF434372207CF8BE00C9C041 /* CashInResponse.swift in Sources */,
				BF43438F207DF64500C9C041 /* CardSanityCheck.swift in Sources */,
				BF434387207D3A6200C9C041 /* CardHelper.swift in Sources */,
				BF434370207CF6D800C9C041 /* Money.swift in Sources */,
				BF434381207D38FE00C9C041 /* BankAccount.swift in Sources */,
				BF43437B207D318800C9C041 /* TransactionsAPI.swift in Sources */,
				BF434377207D223900C9C041 /* CashOutAPI.swift in Sources */,
				BF434391207E009500C9C041 /* UserDocuments.swift in Sources */,
				BF434375207CF93C00C9C041 /* NetHelper.swift in Sources */,
				BF43437D207D322900C9C041 /* TransactionsResponse.swift in Sources */,
				BF43436B207CF1F100C9C041 /* CashInAPI.swift in Sources */,
				BF434385207D39A200C9C041 /* PaymentCardItem.swift in Sources */,
				BF43436D207CF27500C9C041 /* FintechPlatformAPI.swift in Sources */,
				BF43438D207DF58900C9C041 /* UserProfile.swift in Sources */,
				BF434393207E073800C9C041 /* TransferAPI.swift in Sources */,
			);
			runOnlyForDeploymentPostprocessing = 0;
		};
		BF434354207CEF0800C9C041 /* Sources */ = {
			isa = PBXSourcesBuildPhase;
			buildActionMask = 2147483647;
			files = (
				B4316CB5209AFB29007B2E7E /* PaymentCardApiIntegrationTest.swift in Sources */,
				BF02D47C209C6B1500F213BF /* CashInApiTest.swift in Sources */,
				BF43435E207CEF0800C9C041 /* FintechPlatformTests.swift in Sources */,
			);
			runOnlyForDeploymentPostprocessing = 0;
		};
/* End PBXSourcesBuildPhase section */

/* Begin PBXTargetDependency section */
		BF43435B207CEF0800C9C041 /* PBXTargetDependency */ = {
			isa = PBXTargetDependency;
			target = BF43434E207CEF0800C9C041 /* FintechPlatform */;
			targetProxy = BF43435A207CEF0800C9C041 /* PBXContainerItemProxy */;
		};
/* End PBXTargetDependency section */

/* Begin XCBuildConfiguration section */
		BF434361207CEF0800C9C041 /* Debug */ = {
			isa = XCBuildConfiguration;
			buildSettings = {
				ALWAYS_SEARCH_USER_PATHS = NO;
				CLANG_ANALYZER_NONNULL = YES;
				CLANG_ANALYZER_NUMBER_OBJECT_CONVERSION = YES_AGGRESSIVE;
				CLANG_CXX_LANGUAGE_STANDARD = "gnu++14";
				CLANG_CXX_LIBRARY = "libc++";
				CLANG_ENABLE_MODULES = YES;
				CLANG_ENABLE_OBJC_ARC = YES;
				CLANG_ENABLE_OBJC_WEAK = YES;
				CLANG_WARN_BLOCK_CAPTURE_AUTORELEASING = YES;
				CLANG_WARN_BOOL_CONVERSION = YES;
				CLANG_WARN_COMMA = YES;
				CLANG_WARN_CONSTANT_CONVERSION = YES;
				CLANG_WARN_DEPRECATED_OBJC_IMPLEMENTATIONS = YES;
				CLANG_WARN_DIRECT_OBJC_ISA_USAGE = YES_ERROR;
				CLANG_WARN_DOCUMENTATION_COMMENTS = YES;
				CLANG_WARN_EMPTY_BODY = YES;
				CLANG_WARN_ENUM_CONVERSION = YES;
				CLANG_WARN_INFINITE_RECURSION = YES;
				CLANG_WARN_INT_CONVERSION = YES;
				CLANG_WARN_NON_LITERAL_NULL_CONVERSION = YES;
				CLANG_WARN_OBJC_IMPLICIT_RETAIN_SELF = YES;
				CLANG_WARN_OBJC_LITERAL_CONVERSION = YES;
				CLANG_WARN_OBJC_ROOT_CLASS = YES_ERROR;
				CLANG_WARN_RANGE_LOOP_ANALYSIS = YES;
				CLANG_WARN_STRICT_PROTOTYPES = YES;
				CLANG_WARN_SUSPICIOUS_MOVE = YES;
				CLANG_WARN_UNGUARDED_AVAILABILITY = YES_AGGRESSIVE;
				CLANG_WARN_UNREACHABLE_CODE = YES;
				CLANG_WARN__DUPLICATE_METHOD_MATCH = YES;
				CODE_SIGN_IDENTITY = "iPhone Developer";
				COPY_PHASE_STRIP = NO;
				CURRENT_PROJECT_VERSION = 1;
				DEBUG_INFORMATION_FORMAT = dwarf;
				ENABLE_STRICT_OBJC_MSGSEND = YES;
				ENABLE_TESTABILITY = YES;
				GCC_C_LANGUAGE_STANDARD = gnu11;
				GCC_DYNAMIC_NO_PIC = NO;
				GCC_NO_COMMON_BLOCKS = YES;
				GCC_OPTIMIZATION_LEVEL = 0;
				GCC_PREPROCESSOR_DEFINITIONS = (
					"DEBUG=1",
					"$(inherited)",
				);
				GCC_WARN_64_TO_32_BIT_CONVERSION = YES;
				GCC_WARN_ABOUT_RETURN_TYPE = YES_ERROR;
				GCC_WARN_UNDECLARED_SELECTOR = YES;
				GCC_WARN_UNINITIALIZED_AUTOS = YES_AGGRESSIVE;
				GCC_WARN_UNUSED_FUNCTION = YES;
				GCC_WARN_UNUSED_VARIABLE = YES;
				IPHONEOS_DEPLOYMENT_TARGET = 11.2;
				MTL_ENABLE_DEBUG_INFO = YES;
				ONLY_ACTIVE_ARCH = YES;
				SDKROOT = iphoneos;
				SWIFT_ACTIVE_COMPILATION_CONDITIONS = DEBUG;
				SWIFT_OPTIMIZATION_LEVEL = "-Onone";
				VERSIONING_SYSTEM = "apple-generic";
				VERSION_INFO_PREFIX = "";
			};
			name = Debug;
		};
		BF434362207CEF0800C9C041 /* Release */ = {
			isa = XCBuildConfiguration;
			buildSettings = {
				ALWAYS_SEARCH_USER_PATHS = NO;
				CLANG_ANALYZER_NONNULL = YES;
				CLANG_ANALYZER_NUMBER_OBJECT_CONVERSION = YES_AGGRESSIVE;
				CLANG_CXX_LANGUAGE_STANDARD = "gnu++14";
				CLANG_CXX_LIBRARY = "libc++";
				CLANG_ENABLE_MODULES = YES;
				CLANG_ENABLE_OBJC_ARC = YES;
				CLANG_ENABLE_OBJC_WEAK = YES;
				CLANG_WARN_BLOCK_CAPTURE_AUTORELEASING = YES;
				CLANG_WARN_BOOL_CONVERSION = YES;
				CLANG_WARN_COMMA = YES;
				CLANG_WARN_CONSTANT_CONVERSION = YES;
				CLANG_WARN_DEPRECATED_OBJC_IMPLEMENTATIONS = YES;
				CLANG_WARN_DIRECT_OBJC_ISA_USAGE = YES_ERROR;
				CLANG_WARN_DOCUMENTATION_COMMENTS = YES;
				CLANG_WARN_EMPTY_BODY = YES;
				CLANG_WARN_ENUM_CONVERSION = YES;
				CLANG_WARN_INFINITE_RECURSION = YES;
				CLANG_WARN_INT_CONVERSION = YES;
				CLANG_WARN_NON_LITERAL_NULL_CONVERSION = YES;
				CLANG_WARN_OBJC_IMPLICIT_RETAIN_SELF = YES;
				CLANG_WARN_OBJC_LITERAL_CONVERSION = YES;
				CLANG_WARN_OBJC_ROOT_CLASS = YES_ERROR;
				CLANG_WARN_RANGE_LOOP_ANALYSIS = YES;
				CLANG_WARN_STRICT_PROTOTYPES = YES;
				CLANG_WARN_SUSPICIOUS_MOVE = YES;
				CLANG_WARN_UNGUARDED_AVAILABILITY = YES_AGGRESSIVE;
				CLANG_WARN_UNREACHABLE_CODE = YES;
				CLANG_WARN__DUPLICATE_METHOD_MATCH = YES;
				CODE_SIGN_IDENTITY = "iPhone Developer";
				COPY_PHASE_STRIP = NO;
				CURRENT_PROJECT_VERSION = 1;
				DEBUG_INFORMATION_FORMAT = "dwarf-with-dsym";
				ENABLE_NS_ASSERTIONS = NO;
				ENABLE_STRICT_OBJC_MSGSEND = YES;
				GCC_C_LANGUAGE_STANDARD = gnu11;
				GCC_NO_COMMON_BLOCKS = YES;
				GCC_WARN_64_TO_32_BIT_CONVERSION = YES;
				GCC_WARN_ABOUT_RETURN_TYPE = YES_ERROR;
				GCC_WARN_UNDECLARED_SELECTOR = YES;
				GCC_WARN_UNINITIALIZED_AUTOS = YES_AGGRESSIVE;
				GCC_WARN_UNUSED_FUNCTION = YES;
				GCC_WARN_UNUSED_VARIABLE = YES;
				IPHONEOS_DEPLOYMENT_TARGET = 11.2;
				MTL_ENABLE_DEBUG_INFO = NO;
				SDKROOT = iphoneos;
				SWIFT_OPTIMIZATION_LEVEL = "-Owholemodule";
				VALIDATE_PRODUCT = YES;
				VERSIONING_SYSTEM = "apple-generic";
				VERSION_INFO_PREFIX = "";
			};
			name = Release;
		};
		BF434364207CEF0800C9C041 /* Debug */ = {
			isa = XCBuildConfiguration;
			baseConfigurationReference = 6150075E10E0BE9EE629057B /* Pods-FintechPlatform.debug.xcconfig */;
			buildSettings = {
				CLANG_ENABLE_MODULES = YES;
				CODE_SIGN_IDENTITY = "";
				CODE_SIGN_STYLE = Automatic;
				DEFINES_MODULE = YES;
				DEVELOPMENT_TEAM = 543376SB3C;
				DYLIB_COMPATIBILITY_VERSION = 1;
				DYLIB_CURRENT_VERSION = 1;
				DYLIB_INSTALL_NAME_BASE = "@rpath";
				INFOPLIST_FILE = FintechPlatform/Info.plist;
				INSTALL_PATH = "$(LOCAL_LIBRARY_DIR)/Frameworks";
				IPHONEOS_DEPLOYMENT_TARGET = 9.0;
				LD_RUNPATH_SEARCH_PATHS = "$(inherited) @executable_path/Frameworks @loader_path/Frameworks";
				PRODUCT_BUNDLE_IDENTIFIER = com.fintechplatform.api.FintechPlatform;
				PRODUCT_NAME = "$(TARGET_NAME:c99extidentifier)";
				SKIP_INSTALL = YES;
				SWIFT_OPTIMIZATION_LEVEL = "-Onone";
				SWIFT_VERSION = 4.0;
				TARGETED_DEVICE_FAMILY = "1,2";
			};
			name = Debug;
		};
		BF434365207CEF0800C9C041 /* Release */ = {
			isa = XCBuildConfiguration;
			baseConfigurationReference = AD06E15DCA9B3495403B0C50 /* Pods-FintechPlatform.release.xcconfig */;
			buildSettings = {
				CLANG_ENABLE_MODULES = YES;
				CODE_SIGN_IDENTITY = "";
				CODE_SIGN_STYLE = Automatic;
				DEFINES_MODULE = YES;
				DEVELOPMENT_TEAM = 543376SB3C;
				DYLIB_COMPATIBILITY_VERSION = 1;
				DYLIB_CURRENT_VERSION = 1;
				DYLIB_INSTALL_NAME_BASE = "@rpath";
				INFOPLIST_FILE = FintechPlatform/Info.plist;
				INSTALL_PATH = "$(LOCAL_LIBRARY_DIR)/Frameworks";
				IPHONEOS_DEPLOYMENT_TARGET = 9.0;
				LD_RUNPATH_SEARCH_PATHS = "$(inherited) @executable_path/Frameworks @loader_path/Frameworks";
				PRODUCT_BUNDLE_IDENTIFIER = com.fintechplatform.api.FintechPlatform;
				PRODUCT_NAME = "$(TARGET_NAME:c99extidentifier)";
				SKIP_INSTALL = YES;
				SWIFT_VERSION = 4.0;
				TARGETED_DEVICE_FAMILY = "1,2";
			};
			name = Release;
		};
		BF434367207CEF0800C9C041 /* Debug */ = {
			isa = XCBuildConfiguration;
			baseConfigurationReference = 3657704FD0D71F9E37A3860C /* Pods-FintechPlatformTests.debug.xcconfig */;
			buildSettings = {
				ALWAYS_EMBED_SWIFT_STANDARD_LIBRARIES = YES;
				CODE_SIGN_STYLE = Automatic;
				DEVELOPMENT_TEAM = 543376SB3C;
				INFOPLIST_FILE = FintechPlatformTests/Info.plist;
				LD_RUNPATH_SEARCH_PATHS = "$(inherited) @executable_path/Frameworks @loader_path/Frameworks";
				PRODUCT_BUNDLE_IDENTIFIER = com.fintechplatform.api.FintechPlatformTests;
				PRODUCT_NAME = "$(TARGET_NAME)";
				SWIFT_VERSION = 4.0;
				TARGETED_DEVICE_FAMILY = "1,2";
			};
			name = Debug;
		};
		BF434368207CEF0800C9C041 /* Release */ = {
			isa = XCBuildConfiguration;
			baseConfigurationReference = 649A90C58F2405681930A430 /* Pods-FintechPlatformTests.release.xcconfig */;
			buildSettings = {
				ALWAYS_EMBED_SWIFT_STANDARD_LIBRARIES = YES;
				CODE_SIGN_STYLE = Automatic;
				DEVELOPMENT_TEAM = 543376SB3C;
				INFOPLIST_FILE = FintechPlatformTests/Info.plist;
				LD_RUNPATH_SEARCH_PATHS = "$(inherited) @executable_path/Frameworks @loader_path/Frameworks";
				PRODUCT_BUNDLE_IDENTIFIER = com.fintechplatform.api.FintechPlatformTests;
				PRODUCT_NAME = "$(TARGET_NAME)";
				SWIFT_VERSION = 4.0;
				TARGETED_DEVICE_FAMILY = "1,2";
			};
			name = Release;
		};
/* End XCBuildConfiguration section */

/* Begin XCConfigurationList section */
		BF434349207CEF0800C9C041 /* Build configuration list for PBXProject "FintechPlatform" */ = {
			isa = XCConfigurationList;
			buildConfigurations = (
				BF434361207CEF0800C9C041 /* Debug */,
				BF434362207CEF0800C9C041 /* Release */,
			);
			defaultConfigurationIsVisible = 0;
			defaultConfigurationName = Release;
		};
		BF434363207CEF0800C9C041 /* Build configuration list for PBXNativeTarget "FintechPlatform" */ = {
			isa = XCConfigurationList;
			buildConfigurations = (
				BF434364207CEF0800C9C041 /* Debug */,
				BF434365207CEF0800C9C041 /* Release */,
			);
			defaultConfigurationIsVisible = 0;
			defaultConfigurationName = Release;
		};
		BF434366207CEF0800C9C041 /* Build configuration list for PBXNativeTarget "FintechPlatformTests" */ = {
			isa = XCConfigurationList;
			buildConfigurations = (
				BF434367207CEF0800C9C041 /* Debug */,
				BF434368207CEF0800C9C041 /* Release */,
			);
			defaultConfigurationIsVisible = 0;
			defaultConfigurationName = Release;
		};
/* End XCConfigurationList section */
	};
	rootObject = BF434346207CEF0800C9C041 /* Project object */;
}
